github.com/koykov/bytealg v1.0.4 h1:V73+6bzPyEME8qNvIGm1nFnwWQ9X1hE9y96OqEFtXak=
github.com/koykov/bytealg v1.0.4/go.mod h1:hKrpKHsfJ7aeSOOcmSqGnEfC//2rfMmQt2OugvJxy9s=
github.com/koykov/bytebuf v1.0.6 h1:hDN8k5wf2syPhbo9Thv6avcv0dwvD9UCzb1u/XjRAl4=
github.com/koykov/bytebuf v1.0.6/go.mod h1:t7hgUDzQX1HxqPmRJuf2M9Z/mWIPFBSZKqFzZL5JgsQ=
github.com/koykov/byteconv v1.0.0 h1:C8NThxj3Vcmv7f1h384Ti7F9zjVDnOy9AZj9KxTaYqM=
github.com/koykov/byteconv v1.0.0/go.mod h1:viZknv/akQJrXOQS3bZu2U7TE+gjA03LFQpSsRExZR4=
github.com/koykov/byteseq v1.0.1 h1:PbsGtxkUnvrqlwnjNxnRq5FDIvLXJg5CcN9yRuSQY7A=
github.com/koykov/byteseq v1.0.1/go.mod h1:JlIJ6P3/ocuGNRbTVyP0NVRS/ExofhOS8g7mtefjefw=
github.com/koykov/entry v1.0.2 h1:6mZJUt4POGQHRPJ9Iw4GyIZJi9wj2lews3yRRNHfTY4=
github.com/koykov/entry v1.0.2/go.mod h1:WmCy/YM0sPb4ETL9wYY0OJwO89KJ7qeQPGOwLUG4rZU=
github.com/koykov/inspector v1.4.6-0.20240425175915-3a3bff7b6afe h1:+X5qs/tsuxjzKSHxOiv2aDULM4DP2x999IR437Ga+B0=
github.com/koykov/inspector v1.4.6-0.20240425175915-3a3bff7b6afe/go.mod h1:XdWLccydTO4iLT9zx/bHagSeFkddQ3yYoJU5HV4WM7Y=
github.com/koykov/x2bytes v1.0.2 h1:AISrs+8qfGLb/0RntRdbg1F/ahha3KrFcNledLBbLgA=
github.com/koykov/x2bytes v1.0.2/go.mod h1:0fbvyQAm3RAiTOE/NT0Dg3ZXL9EQiYpyrp5wZyoz11Q=
golang.org/x/mod v0.12.0 h1:rmsUpXtvNzj340zd98LZ4KntptpfRHwpFOHG188oHXc=
golang.org/x/sys v0.10.0 h1:SqMFp9UcQJZa+pmYuAKjd9xq1f0j5rLcDIk0mj4qAsA=
golang.org/x/sys v0.10.0/go.mod h1:oPkhp1MJrh7nUepCBck5+mAzfO9JrbApNNgaTdGDITg=
golang.org/x/tools v0.11.1 h1:ojD5zOW8+7dOGzdnNgersm8aPfcDjhMp12UfG93NIMc=
golang.org/x/tools v0.11.1/go.mod h1:anzJrxPjNtfgiYQYirP2CPGzGLxrH2u2QBhn6Bf3qY8=
