github.com/koykov/batch_replace v1.1.0 h1:KE9G3uQUT/uzZD1Mo0zkmQPzpdccUm181mwM2cltvCA=
github.com/koykov/batch_replace v1.1.0/go.mod h1:8eMg4KQuz3bxaiOmA3SzgMsJaKY6l65vlnwr/Ozpo/I=
github.com/koykov/bytealg v1.0.1 h1:WlD9/4PMThmfQuIRVpVCujzM/3AVTEwlgvaYrErO9Nk=
github.com/koykov/bytealg v1.0.1/go.mod h1:kMvejxwPkAt7YfHpB1PQ/utMwKpHSY54u1rCxna6Wvg=
github.com/koykov/bytebuf v1.0.2 h1:JPD06ZAm8X5mbkQfxfPcOGXkyg8ooyKbVtdN2H9Iiqs=
github.com/koykov/bytebuf v1.0.2/go.mod h1:E+SABMRkI1wTGVjSNm4JN6zUBtjbos6F4bkYkx2GtcI=
github.com/koykov/byteptr v1.0.0 h1:tOMEM2qwfFOKTeMNgnzHKyBVWeXxiD1SduLlbzVKJJg=
github.com/koykov/byteptr v1.0.0/go.mod h1:SSRuU7v8JgUo1deHib6Za8s6ya1PQEG2gNpRVKsO3QM=
github.com/koykov/entry v1.0.1 h1:XurTLzqcbluBKMJqBB23HoKrkd1tdp5nH8RrbSE9Jl0=
github.com/koykov/entry v1.0.1/go.mod h1:WmCy/YM0sPb4ETL9wYY0OJwO89KJ7qeQPGOwLUG4rZU=
github.com/koykov/fastconv v1.0.0 h1:WnsCYcrrQkUWEKK4VbVX7BuGb6jFhE8Q0Ebl3eAkHic=
github.com/koykov/fastconv v1.0.0/go.mod h1:Y7I12pumAx+2iH1Yh0X85UpywP7IET/+M7S17toJBes=
github.com/koykov/hash v1.0.0 h1:9fO+G934GvZqdtnpn6rfv5kipxUw9Tix+VswM7heASA=
github.com/koykov/hash v1.0.0/go.mod h1:O9RBNTOh5CSr3z6JSchbN6SXhB4TrqsKvS9S3zr6VJ4=
github.com/koykov/i18n v1.0.1 h1:o9qkXralxVPDJLrmrRKUpPyD+uXiNqNYlGDxkxxzgho=
github.com/koykov/i18n v1.0.1/go.mod h1:0j92t1uoQAIw92shVhnXP6zaIuFraMKyV3PcDBvMvkc=
github.com/koykov/inspector v1.4.1 h1:fZLMRKZxXmTqzgNi62utnXiJK2oH2ph8Iiv3yj4m4vg=
github.com/koykov/inspector v1.4.1/go.mod h1:PWhV6BJyDqHruq8sNEVWAloKKz9pb1soK4MiIImvu0I=
github.com/koykov/policy v1.0.0 h1:xETNBdxGA74BRJcRtr7Yf/Gjr5LtyzlAWIquJiRc+kU=
github.com/koykov/policy v1.0.0/go.mod h1:Qng5vXKz7VFYfpVoBDjIhNnNSUdWWCBeGs95USCuSU4=
github.com/koykov/x2bytes v1.0.0 h1:nnnGrTKXCSDhk/lorPD7Eee9VP5CN0cz8cOkfQqTJow=
github.com/koykov/x2bytes v1.0.0/go.mod h1:rusmMXxjFlCnnTqtNIfTyOHykd5blbxonovNC94zONg=
github.com/yuin/goldmark v1.4.13/go.mod h1:6yULJ656Px+3vBD8DxQVa3kxgyrAnzto9xy5taEt/CY=
golang.org/x/crypto v0.0.0-20190308221718-c2843e01d9a2/go.mod h1:djNgcEr1/C05ACkg1iLfiJU5Ep61QUkGW8qpdssI0+w=
golang.org/x/crypto v0.0.0-20210921155107-089bfa567519/go.mod h1:GvvjBRRGRdwPK5ydBHafDWAxML/pGHZbMvKqRZ5+Abc=
golang.org/x/mod v0.6.0-dev.0.20220419223038-86c51ed26bb4 h1:6zppjxzCulZykYSLyVDYbneBfbaBIQPYMevg0bEwv2s=
golang.org/x/mod v0.6.0-dev.0.20220419223038-86c51ed26bb4/go.mod h1:jJ57K6gSWd91VN4djpZkiMVwK6gcyfeH4XE8wZrZaV4=
golang.org/x/net v0.0.0-20190620200207-3b0461eec859/go.mod h1:z5CRVTTTmAJ677TzLLGU+0bjPO0LkuOLi4/5GtJWs/s=
golang.org/x/net v0.0.0-20210226172049-e18ecbb05110/go.mod h1:m0MpNAwzfU5UDzcl9v0D8zg8gWTRqZa9RBIspLL5mdg=
golang.org/x/net v0.0.0-20220722155237-a158d28d115b/go.mod h1:XRhObCWvk6IyKnWLug+ECip1KBveYUHfp+8e9klMJ9c=
golang.org/x/sync v0.0.0-20190423024810-112230192c58/go.mod h1:RxMgew5VJxzue5/jJTE5uejpjVlOe/izrB70Jof72aM=
golang.org/x/sync v0.0.0-20220722155255-886fb9371eb4/go.mod h1:RxMgew5VJxzue5/jJTE5uejpjVlOe/izrB70Jof72aM=
golang.org/x/sys v0.0.0-20190215142949-d0b11bdaac8a/go.mod h1:STP8DvDyc/dI5b8T5hshtkjS+E42TnysNCUPdjciGhY=
golang.org/x/sys v0.0.0-20201119102817-f84b799fce68/go.mod h1:h1NjWce9XRLGQEsW7wpKNCjG9DtNlClVuFLEZdDNbEs=
golang.org/x/sys v0.0.0-20210615035016-665e8c7367d1/go.mod h1:oPkhp1MJrh7nUepCBck5+mAzfO9JrbApNNgaTdGDITg=
golang.org/x/sys v0.0.0-20220520151302-bc2c85ada10a/go.mod h1:oPkhp1MJrh7nUepCBck5+mAzfO9JrbApNNgaTdGDITg=
golang.org/x/sys v0.0.0-20220722155257-8c9f86f7a55f h1:v4INt8xihDGvnrfjMDVXGxw9wrfxYyCjk0KbXjhR55s=
golang.org/x/sys v0.0.0-20220722155257-8c9f86f7a55f/go.mod h1:oPkhp1MJrh7nUepCBck5+mAzfO9JrbApNNgaTdGDITg=
golang.org/x/term v0.0.0-20201126162022-7de9c90e9dd1/go.mod h1:bj7SfCRtBDWHUb9snDiAeCFNEtKQo2Wmx5Cou7ajbmo=
golang.org/x/term v0.0.0-20210927222741-03fcf44c2211/go.mod h1:jbD1KX2456YbFQfuXm/mYQcufACuNUgVhRMnK/tPxf8=
golang.org/x/text v0.3.0/go.mod h1:NqM8EUOU14njkJ3fqMW+pc6Ldnwhi/IjpwHt7yyuwOQ=
golang.org/x/text v0.3.3/go.mod h1:5Zoc/QRtKVWzQhOtBMvqHzDpF6irO9z98xDceosuGiQ=
golang.org/x/text v0.3.7/go.mod h1:u+2+/6zg+i71rQMx5EYifcz6MCKuco9NR6JIITiCfzQ=
golang.org/x/tools v0.0.0-20180917221912-90fa682c2a6e/go.mod h1:n7NCudcB/nEzxVGmLbDWY5pfWTLqBcC2KZ6jyYvM4mQ=
golang.org/x/tools v0.0.0-20191119224855-298f0cb1881e/go.mod h1:b+2E5dAYhXwXZwtnZ6UAqBI28+e2cm9otk0dWdXHAEo=
golang.org/x/tools v0.1.12 h1:VveCTK38A2rkS8ZqFY25HIDFscX5X9OoEhJd3quQmXU=
golang.org/x/tools v0.1.12/go.mod h1:hNGJHUnrk76NpqgfD5Aqm5Crs+Hm0VOH/i9J2+nxYbc=
golang.org/x/xerrors v0.0.0-20190717185122-a985d3407aa7/go.mod h1:I/5z698sn9Ka8TeJc9MKroUUfqBBauWjQqLJ2OPfmY0=
